dependencies:
- name: openldap
  repository: https://apps.devstack.com
  version: 0.0.1
- name: phpldapadmin
  repository: https://apps.devstack.com
  version: 0.0.1
- name: mariadb
  repository: https://apps.devstack.com
  version: 0.5.3
- name: jenkins
  repository: https://apps.devstack.com
  version: 0.1.1
- name: gerrit
  repository: https://apps.devstack.com
  version: 0.0.1
digest: sha256:a253681c0947d295976164fe32a416a776559efe2925dfcdd5946768bf571104
generated: 2016-12-07T13:52:04.854919808+02:00
